
Microsoft Visual Studio Solution File, Format Version 12.00
# Visual Studio Version 17
VisualStudioVersion = 17.2.32630.192
MinimumVisualStudioVersion = 10.0.40219.1
Project("{FAE04EC0-301F-11D3-BF4B-00C04F79EFBC}") = "LanchesDoTafa", "LanchesDoTafa\LanchesDoTafa.csproj", "{49C9C364-8B78-4388-8F4B-676B9696708D}"
EndProject
Global
	GlobalSection(SolutionConfigurationPlatforms) = preSolution
		Debug|Any CPU = Debug|Any CPU
		Release|Any CPU = Release|Any CPU
	EndGlobalSection
	GlobalSection(ProjectConfigurationPlatforms) = postSolution
		{49C9C364-8B78-4388-8F4B-676B9696708D}.Debug|Any CPU.ActiveCfg = Debug|Any CPU
		{49C9C364-8B78-4388-8F4B-676B9696708D}.Debug|Any CPU.Build.0 = Debug|Any CPU
		{49C9C364-8B78-4388-8F4B-676B9696708D}.Release|Any CPU.ActiveCfg = Release|Any CPU
		{49C9C364-8B78-4388-8F4B-676B9696708D}.Release|Any CPU.Build.0 = Release|Any CPU
	EndGlobalSection
	GlobalSection(SolutionProperties) = preSolution
		HideSolutionNode = FALSE
	EndGlobalSection
	GlobalSection(ExtensibilityGlobals) = postSolution
		SolutionGuid = {E0E840CC-3A2C-4FC8-80E9-41CB023F5B4D}
	EndGlobalSection
EndGlobal
